github.com/gocarina/gocsv v0.0.0-20230513223533-9ddd7fd60602 h1:HSpPf+lPYwzoJNup34uegmOQk5Qm83S+wpu8anTDJkg=
github.com/gocarina/gocsv v0.0.0-20230513223533-9ddd7fd60602/go.mod h1:5YoVOkjYAQumqlV356Hj3xeYh4BdZuLE0/nRkf2NKkI=
golang.org/x/text v0.9.0 h1:2sjJmO8cDvYveuX97RDLsxlyUxLl+GHoLxBiRdHllBE=
golang.org/x/text v0.9.0/go.mod h1:e1OnstbJyHTd6l/uOt8jFFHp6TRDWZR/bV3emEE/zU8=
